
Microsoft Visual Studio Solution File, Format Version 12.00
# Visual Studio Version 17
VisualStudioVersion = 17.3.32929.385
MinimumVisualStudioVersion = 10.0.40219.1
Project("{FAE04EC0-301F-11D3-BF4B-00C04F79EFBC}") = "AUWalks.API", "AUWalks.API\AUWalks.API.csproj", "{BDEF00B4-79CC-4C4C-B8E6-C6507961AE9B}"
EndProject
Global
	GlobalSection(SolutionConfigurationPlatforms) = preSolution
		Debug|Any CPU = Debug|Any CPU
		Release|Any CPU = Release|Any CPU
	EndGlobalSection
	GlobalSection(ProjectConfigurationPlatforms) = postSolution
		{BDEF00B4-79CC-4C4C-B8E6-C6507961AE9B}.Debug|Any CPU.ActiveCfg = Debug|Any CPU
		{BDEF00B4-79CC-4C4C-B8E6-C6507961AE9B}.Debug|Any CPU.Build.0 = Debug|Any CPU
		{BDEF00B4-79CC-4C4C-B8E6-C6507961AE9B}.Release|Any CPU.ActiveCfg = Release|Any CPU
		{BDEF00B4-79CC-4C4C-B8E6-C6507961AE9B}.Release|Any CPU.Build.0 = Release|Any CPU
	EndGlobalSection
	GlobalSection(SolutionProperties) = preSolution
		HideSolutionNode = FALSE
	EndGlobalSection
	GlobalSection(ExtensibilityGlobals) = postSolution
		SolutionGuid = {311CAC03-9107-48DA-8237-7BA99F33C18D}
	EndGlobalSection
EndGlobal
